
Microsoft Visual Studio Solution File, Format Version 12.00
# Visual Studio Version 16
VisualStudioVersion = 16.0.30011.22
MinimumVisualStudioVersion = 10.0.40219.1
Project("{FAE04EC0-301F-11D3-BF4B-00C04F79EFBC}") = "MyDemo10", "MyDemo10\MyDemo10.csproj", "{E2D7CDA7-1891-4F79-A1AC-6496ACB94702}"
EndProject
Project("{FAE04EC0-301F-11D3-BF4B-00C04F79EFBC}") = "MyDemo9", "MyDemo9\MyDemo9.csproj", "{DE82A55B-4847-4D59-ADB1-D8E7B643C343}"
EndProject
Global
	GlobalSection(SolutionConfigurationPlatforms) = preSolution
		Debug|Any CPU = Debug|Any CPU
		Release|Any CPU = Release|Any CPU
	EndGlobalSection
	GlobalSection(ProjectConfigurationPlatforms) = postSolution
		{E2D7CDA7-1891-4F79-A1AC-6496ACB94702}.Debug|Any CPU.ActiveCfg = Debug|Any CPU
		{E2D7CDA7-1891-4F79-A1AC-6496ACB94702}.Debug|Any CPU.Build.0 = Debug|Any CPU
		{E2D7CDA7-1891-4F79-A1AC-6496ACB94702}.Release|Any CPU.ActiveCfg = Release|Any CPU
		{E2D7CDA7-1891-4F79-A1AC-6496ACB94702}.Release|Any CPU.Build.0 = Release|Any CPU
		{DE82A55B-4847-4D59-ADB1-D8E7B643C343}.Debug|Any CPU.ActiveCfg = Debug|Any CPU
		{DE82A55B-4847-4D59-ADB1-D8E7B643C343}.Debug|Any CPU.Build.0 = Debug|Any CPU
		{DE82A55B-4847-4D59-ADB1-D8E7B643C343}.Release|Any CPU.ActiveCfg = Release|Any CPU
		{DE82A55B-4847-4D59-ADB1-D8E7B643C343}.Release|Any CPU.Build.0 = Release|Any CPU
	EndGlobalSection
	GlobalSection(SolutionProperties) = preSolution
		HideSolutionNode = FALSE
	EndGlobalSection
	GlobalSection(ExtensibilityGlobals) = postSolution
		SolutionGuid = {976FD524-C8E0-4DD8-8B5F-5EFC8662CB81}
	EndGlobalSection
EndGlobal
